# THIS IS AN AUTOGENERATED FILE. DO NOT EDIT THIS FILE DIRECTLY.
# yarn lockfile v1


tslib@^1.8.1:
  version "1.9.3"
  resolved "https://registry.yarnpkg.com/tslib/-/tslib-1.9.3.tgz#d7e4dd79245d85428c4d7e4822a79917954ca286"
  integrity sha512-4krF8scpejhaOgqzBEcGM7yDIEfi0/8+8zDRZhNZZ2kjmHJ4hv3zCbQWxoJGz1iw5U0Jl0nma13xzHXcncMavQ==

tslint-config-prettier@^1.17.0:
  version "1.17.0"
  resolved "https://registry.yarnpkg.com/tslint-config-prettier/-/tslint-config-prettier-1.17.0.tgz#946ed6117f98f3659a65848279156d87628c33dc"
  integrity sha512-NKWNkThwqE4Snn4Cm6SZB7lV5RMDDFsBwz6fWUkTxOKGjMx8ycOHnjIbhn7dZd5XmssW3CwqUjlANR6EhP9YQw==

tslint-react@^3.6.0:
  version "3.6.0"
  resolved "https://registry.yarnpkg.com/tslint-react/-/tslint-react-3.6.0.tgz#7f462c95c4a0afaae82507f06517ff02942196a1"
  integrity sha512-AIv1QcsSnj7e9pFir6cJ6vIncTqxfqeFF3Lzh8SuuBljueYzEAtByuB6zMaD27BL0xhMEqsZ9s5eHuCONydjBw==
  dependencies:
    tsutils "^2.13.1"

tsutils@^2.13.1:
  version "2.29.0"
  resolved "https://registry.yarnpkg.com/tsutils/-/tsutils-2.29.0.tgz#32b488501467acbedd4b85498673a0812aca0b99"
  integrity sha512-g5JVHCIJwzfISaXpXE1qvNalca5Jwob6FjI4AoPlqMusJ6ftFE7IkkFoMhVLRgK+4Kx3gkzb8UZK5t5yTTvEmA==
  dependencies:
    tslib "^1.8.1"
